
Microsoft Visual Studio Solution File, Format Version 12.00
# Visual Studio 15
VisualStudioVersion = 15.0.27703.2047
MinimumVisualStudioVersion = 10.0.40219.1
Project("{9A19103F-16F7-4668-BE54-9A1E7A4F7556}") = "Depot.Api", "Depot.Api.csproj", "{C16AF80C-9B22-490A-9A46-A6C70C7B7430}"
EndProject
Global
	GlobalSection(SolutionConfigurationPlatforms) = preSolution
		Debug|Any CPU = Debug|Any CPU
		Release|Any CPU = Release|Any CPU
	EndGlobalSection
	GlobalSection(ProjectConfigurationPlatforms) = postSolution
		{C16AF80C-9B22-490A-9A46-A6C70C7B7430}.Debug|Any CPU.ActiveCfg = Debug|Any CPU
		{C16AF80C-9B22-490A-9A46-A6C70C7B7430}.Debug|Any CPU.Build.0 = Debug|Any CPU
		{C16AF80C-9B22-490A-9A46-A6C70C7B7430}.Release|Any CPU.ActiveCfg = Release|Any CPU
		{C16AF80C-9B22-490A-9A46-A6C70C7B7430}.Release|Any CPU.Build.0 = Release|Any CPU
	EndGlobalSection
	GlobalSection(SolutionProperties) = preSolution
		HideSolutionNode = FALSE
	EndGlobalSection
	GlobalSection(ExtensibilityGlobals) = postSolution
		SolutionGuid = {DF66B1A0-5514-4786-A4AC-A6EF7016E99A}
	EndGlobalSection
EndGlobal
